
Microsoft Visual Studio Solution File, Format Version 12.00
# Visual Studio Version 17
VisualStudioVersion = 17.12.35527.113 d17.12
MinimumVisualStudioVersion = 10.0.40219.1
Project("{FAE04EC0-301F-11D3-BF4B-00C04F79EFBC}") = "LlamaWeatherApp", "LlamaWeatherApp\LlamaWeatherApp.csproj", "{D1D4F951-B381-44D8-A5DC-0F3525E6B7A6}"
EndProject
Project("{FAE04EC0-301F-11D3-BF4B-00C04F79EFBC}") = "LocalAI", "LocalAI\LocalAI.csproj", "{E4F856EA-306A-4076-8E8F-9CD85D865938}"
EndProject
Global
	GlobalSection(SolutionConfigurationPlatforms) = preSolution
		Debug|Any CPU = Debug|Any CPU
		Release|Any CPU = Release|Any CPU
	EndGlobalSection
	GlobalSection(ProjectConfigurationPlatforms) = postSolution
		{D1D4F951-B381-44D8-A5DC-0F3525E6B7A6}.Debug|Any CPU.ActiveCfg = Debug|Any CPU
		{D1D4F951-B381-44D8-A5DC-0F3525E6B7A6}.Debug|Any CPU.Build.0 = Debug|Any CPU
		{D1D4F951-B381-44D8-A5DC-0F3525E6B7A6}.Release|Any CPU.ActiveCfg = Release|Any CPU
		{D1D4F951-B381-44D8-A5DC-0F3525E6B7A6}.Release|Any CPU.Build.0 = Release|Any CPU
		{E4F856EA-306A-4076-8E8F-9CD85D865938}.Debug|Any CPU.ActiveCfg = Debug|Any CPU
		{E4F856EA-306A-4076-8E8F-9CD85D865938}.Debug|Any CPU.Build.0 = Debug|Any CPU
		{E4F856EA-306A-4076-8E8F-9CD85D865938}.Release|Any CPU.ActiveCfg = Release|Any CPU
		{E4F856EA-306A-4076-8E8F-9CD85D865938}.Release|Any CPU.Build.0 = Release|Any CPU
	EndGlobalSection
	GlobalSection(SolutionProperties) = preSolution
		HideSolutionNode = FALSE
	EndGlobalSection
EndGlobal
